
Microsoft Visual Studio Solution File, Format Version 12.00
# Visual Studio Version 16
VisualStudioVersion = 16.0.31313.79
MinimumVisualStudioVersion = 10.0.40219.1
Project("{8BC9CEB8-8B4A-11D0-8D11-00A0C91BC942}") = "ViscoWave", "ViscoWave\ViscoWave.vcxproj", "{BD40A69B-62EB-4120-B06B-DEE2A4A9FB67}"
EndProject
Project("{8BC9CEB8-8B4A-11D0-8D11-00A0C91BC942}") = "Relaxation_Sig_to_Prony", "Relaxation_Sig_to_Prony\Relaxation_Sig_to_Prony.vcxproj", "{7A98BF3F-05B3-4B5A-B92A-A68C8EB39651}"
EndProject
Project("{54435603-DBB4-11D2-8724-00A0C9A8B90C}") = "ViscoWave_Install", "ViscoWave_Install\ViscoWave_Install.vdproj", "{AD8787A3-3D30-4E9C-9D81-5D6F563E2825}"
EndProject
Global
	GlobalSection(SolutionConfigurationPlatforms) = preSolution
		Debug|x64 = Debug|x64
		Debug|x86 = Debug|x86
		Release|x64 = Release|x64
		Release|x86 = Release|x86
	EndGlobalSection
	GlobalSection(ProjectConfigurationPlatforms) = postSolution
		{BD40A69B-62EB-4120-B06B-DEE2A4A9FB67}.Debug|x64.ActiveCfg = Debug|x64
		{BD40A69B-62EB-4120-B06B-DEE2A4A9FB67}.Debug|x64.Build.0 = Debug|x64
		{BD40A69B-62EB-4120-B06B-DEE2A4A9FB67}.Debug|x86.ActiveCfg = Debug|Win32
		{BD40A69B-62EB-4120-B06B-DEE2A4A9FB67}.Debug|x86.Build.0 = Debug|Win32
		{BD40A69B-62EB-4120-B06B-DEE2A4A9FB67}.Release|x64.ActiveCfg = Release|x64
		{BD40A69B-62EB-4120-B06B-DEE2A4A9FB67}.Release|x64.Build.0 = Release|x64
		{BD40A69B-62EB-4120-B06B-DEE2A4A9FB67}.Release|x86.ActiveCfg = Release|Win32
		{BD40A69B-62EB-4120-B06B-DEE2A4A9FB67}.Release|x86.Build.0 = Release|Win32
		{7A98BF3F-05B3-4B5A-B92A-A68C8EB39651}.Debug|x64.ActiveCfg = Debug|x64
		{7A98BF3F-05B3-4B5A-B92A-A68C8EB39651}.Debug|x64.Build.0 = Debug|x64
		{7A98BF3F-05B3-4B5A-B92A-A68C8EB39651}.Debug|x86.ActiveCfg = Debug|Win32
		{7A98BF3F-05B3-4B5A-B92A-A68C8EB39651}.Debug|x86.Build.0 = Debug|Win32
		{7A98BF3F-05B3-4B5A-B92A-A68C8EB39651}.Release|x64.ActiveCfg = Release|x64
		{7A98BF3F-05B3-4B5A-B92A-A68C8EB39651}.Release|x64.Build.0 = Release|x64
		{7A98BF3F-05B3-4B5A-B92A-A68C8EB39651}.Release|x86.ActiveCfg = Release|Win32
		{7A98BF3F-05B3-4B5A-B92A-A68C8EB39651}.Release|x86.Build.0 = Release|Win32
		{AD8787A3-3D30-4E9C-9D81-5D6F563E2825}.Debug|x64.ActiveCfg = Debug
		{AD8787A3-3D30-4E9C-9D81-5D6F563E2825}.Debug|x86.ActiveCfg = Debug
		{AD8787A3-3D30-4E9C-9D81-5D6F563E2825}.Release|x64.ActiveCfg = Release
		{AD8787A3-3D30-4E9C-9D81-5D6F563E2825}.Release|x86.ActiveCfg = Release
	EndGlobalSection
	GlobalSection(SolutionProperties) = preSolution
		HideSolutionNode = FALSE
	EndGlobalSection
	GlobalSection(ExtensibilityGlobals) = postSolution
		SolutionGuid = {2251EC8A-1287-4855-9D31-7122EA941260}
	EndGlobalSection
EndGlobal
